<?xml version="1.0" encoding="utf-8"?>
<Project ToolsVersion="4.0" xmlns="http://schemas.microsoft.com/developer/msbuild/2003">
  <ItemGroup>
    <Filter Include="Source Files">
      <UniqueIdentifier>{4FC737F1-C7A5-4376-A066-2A32D752A2FF}</UniqueIdentifier>
      <Extensions>cpp;c;cc;cxx;def;odl;idl;hpj;bat;asm;asmx</Extensions>
    </Filter>
    <Filter Include="Header Files">
      <UniqueIdentifier>{93995380-89BD-4b04-88EB-625FBE52EBFB}</UniqueIdentifier>
      <Extensions>h;hh;hpp;hxx;hm;inl;inc;ipp;xsd</Extensions>
    </Filter>
    <Filter Include="Resource Files">
      <UniqueIdentifier>{67DA6AB6-F800-4c08-8B7A-83BB121AAD01}</UniqueIdentifier>
      <Extensions>rc;ico;cur;bmp;dlg;rc2;rct;bin;rgs;gif;jpg;jpeg;jpe;resx;tiff;tif;png;wav;mfcribbon-ms</Extensions>
    </Filter>
    <Filter Include="Libraries">
      <UniqueIdentifier>{e2ac72a5-52f9-4a2e-9034-930d9772f408}</UniqueIdentifier>
    </Filter>
    <Filter Include="Header Files\libraw">
      <UniqueIdentifier>{b5c6a988-2059-447d-9db1-a92c09c65532}</UniqueIdentifier>
    </Filter>
    <Filter Include="Header Files\libjpeg">
      <UniqueIdentifier>{095e6519-4be3-43fd-96cc-9bddc1c5f256}</UniqueIdentifier>
    </Filter>
    <Filter Include="Docs">
      <UniqueIdentifier>{7718152a-3630-4f17-9cdf-9fb9909e028d}</UniqueIdentifier>
    </Filter>
    <Filter Include="Libraries\x64">
      <UniqueIdentifier>{b432248d-bee7-4b2c-86cf-b409181ed8aa}</UniqueIdentifier>
    </Filter>
    <Filter Include="Header Files\libUSBK">
      <UniqueIdentifier>{d7748d53-43b7-4b84-9299-cf254aa5497b}</UniqueIdentifier>
    </Filter>
  </ItemGroup>
  <ItemGroup>
    <ClInclude Include="pch.h">
      <Filter>Header Files</Filter>
    </ClInclude>
    <ClInclude Include="Camera.h">
      <Filter>Header Files</Filter>
    </ClInclude>
    <ClInclude Include="CameraProperty.h">
      <Filter>Header Files</Filter>
    </ClInclude>
    <ClInclude Include="CameraSettings.h">
      <Filter>Header Files</Filter>
    </ClInclude>
    <ClInclude Include="CameraSupportedProperties.h">
      <Filter>Header Files</Filter>
    </ClInclude>
    <ClInclude Include="Device.h">
      <Filter>Header Files</Filter>
    </ClInclude>
    <ClInclude Include="DeviceInfo.h">
      <Filter>Header Files</Filter>
    </ClInclude>
    <ClInclude Include="DeviceManager.h">
      <Filter>Header Files</Filter>
    </ClInclude>
    <ClInclude Include="Image.h">
      <Filter>Header Files</Filter>
    </ClInclude>
    <ClInclude Include="Message.h">
      <Filter>Header Files</Filter>
    </ClInclude>
    <ClInclude Include="MessageReader.h">
      <Filter>Header Files</Filter>
    </ClInclude>
    <ClInclude Include="ObjectInfo.h">
      <Filter>Header Files</Filter>
    </ClInclude>
    <ClInclude Include="Property.h">
      <Filter>Header Files</Filter>
    </ClInclude>
    <ClInclude Include="PropertyInfo.h">
      <Filter>Header Files</Filter>
    </ClInclude>
    <ClInclude Include="PropertyValue.h">
      <Filter>Header Files</Filter>
    </ClInclude>
    <ClInclude Include="PTPContainer.h">
      <Filter>Header Files</Filter>
    </ClInclude>
    <ClInclude Include="resource.h">
      <Filter>Header Files</Filter>
    </ClInclude>
    <ClInclude Include="ResourceLoader.h">
      <Filter>Header Files</Filter>
    </ClInclude>
    <ClInclude Include="SonyCamera.h">
      <Filter>Header Files</Filter>
    </ClInclude>
    <ClInclude Include="CameraManager.h">
      <Filter>Header Files</Filter>
    </ClInclude>
    <ClInclude Include="Logger.h">
      <Filter>Header Files</Filter>
    </ClInclude>
    <ClInclude Include="libraw\libraw.h">
      <Filter>Header Files\libraw</Filter>
    </ClInclude>
    <ClInclude Include="libraw\libraw_alloc.h">
      <Filter>Header Files\libraw</Filter>
    </ClInclude>
    <ClInclude Include="libraw\libraw_const.h">
      <Filter>Header Files\libraw</Filter>
    </ClInclude>
    <ClInclude Include="libraw\libraw_datastream.h">
      <Filter>Header Files\libraw</Filter>
    </ClInclude>
    <ClInclude Include="libraw\libraw_internal.h">
      <Filter>Header Files\libraw</Filter>
    </ClInclude>
    <ClInclude Include="libraw\libraw_types.h">
      <Filter>Header Files\libraw</Filter>
    </ClInclude>
    <ClInclude Include="libraw\libraw_version.h">
      <Filter>Header Files\libraw</Filter>
    </ClInclude>
    <ClInclude Include="Registry.h">
      <Filter>Header Files</Filter>
    </ClInclude>
    <ClInclude Include="DeviceEventHandler.h">
      <Filter>Header Files</Filter>
    </ClInclude>
    <ClInclude Include="libjpeg\jconfig.h">
      <Filter>Header Files\libjpeg</Filter>
    </ClInclude>
    <ClInclude Include="libjpeg\jerror.h">
      <Filter>Header Files\libjpeg</Filter>
    </ClInclude>
    <ClInclude Include="libjpeg\jmorecfg.h">
      <Filter>Header Files\libjpeg</Filter>
    </ClInclude>
    <ClInclude Include="libjpeg\jpeglib.h">
      <Filter>Header Files\libjpeg</Filter>
    </ClInclude>
    <ClInclude Include="libjpeg\turbojpeg.h">
      <Filter>Header Files\libjpeg</Filter>
    </ClInclude>
    <ClInclude Include="MessageWriter.h">
      <Filter>Header Files</Filter>
    </ClInclude>
    <ClInclude Include="DummyDevice.h">
      <Filter>Header Files</Filter>
    </ClInclude>
    <ClInclude Include="SonyMTPCamera.h">
      <Filter>Header Files</Filter>
    </ClInclude>
    <ClInclude Include="Locker.h">
      <Filter>Header Files</Filter>
    </ClInclude>
    <ClInclude Include="Lockable.h">
      <Filter>Header Files</Filter>
    </ClInclude>
    <ClInclude Include="CameraException.h">
      <Filter>Header Files</Filter>
    </ClInclude>
    <ClInclude Include="resource1.h">
      <Filter>Header Files</Filter>
    </ClInclude>
    <ClInclude Include="Version.h">
      <Filter>Header Files</Filter>
    </ClInclude>
    <ClInclude Include="MTPDevice.h">
      <Filter>Header Files</Filter>
    </ClInclude>
    <ClInclude Include="LibUSBKDevice.h">
      <Filter>Header Files</Filter>
    </ClInclude>
    <ClInclude Include="libusbK\libusbk.h">
      <Filter>Header Files\libUSBK</Filter>
    </ClInclude>
    <ClInclude Include="libusbK\lusbk_shared.h">
      <Filter>Header Files\libUSBK</Filter>
    </ClInclude>
    <ClInclude Include="MTPEnumerator.h">
      <Filter>Header Files</Filter>
    </ClInclude>
    <ClInclude Include="DeviceEnumerator.h">
      <Filter>Header Files</Filter>
    </ClInclude>
    <ClInclude Include="LibUSBKEnumerator.h">
      <Filter>Header Files</Filter>
    </ClInclude>
    <ClInclude Include="Utils.h">
      <Filter>Header Files</Filter>
    </ClInclude>
    <ClInclude Include="dll.h">
      <Filter>Header Files</Filter>
    </ClInclude>
  </ItemGroup>
  <ItemGroup>
    <ClCompile Include="dllmain.cpp">
      <Filter>Source Files</Filter>
    </ClCompile>
    <ClCompile Include="pch.cpp">
      <Filter>Source Files</Filter>
    </ClCompile>
    <ClCompile Include="Camera.cpp">
      <Filter>Source Files</Filter>
    </ClCompile>
    <ClCompile Include="CameraProperty.cpp">
      <Filter>Source Files</Filter>
    </ClCompile>
    <ClCompile Include="CameraSettings.cpp">
      <Filter>Source Files</Filter>
    </ClCompile>
    <ClCompile Include="CameraSupportedProperties.cpp">
      <Filter>Source Files</Filter>
    </ClCompile>
    <ClCompile Include="Device.cpp">
      <Filter>Source Files</Filter>
    </ClCompile>
    <ClCompile Include="DeviceInfo.cpp">
      <Filter>Source Files</Filter>
    </ClCompile>
    <ClCompile Include="DeviceManager.cpp">
      <Filter>Source Files</Filter>
    </ClCompile>
    <ClCompile Include="DLL.cpp">
      <Filter>Source Files</Filter>
    </ClCompile>
    <ClCompile Include="Image.cpp">
      <Filter>Source Files</Filter>
    </ClCompile>
    <ClCompile Include="Message.cpp">
      <Filter>Source Files</Filter>
    </ClCompile>
    <ClCompile Include="MessageReader.cpp">
      <Filter>Source Files</Filter>
    </ClCompile>
    <ClCompile Include="ObjectInfo.cpp">
      <Filter>Source Files</Filter>
    </ClCompile>
    <ClCompile Include="PropertyInfo.cpp">
      <Filter>Source Files</Filter>
    </ClCompile>
    <ClCompile Include="PropertyValue.cpp">
      <Filter>Source Files</Filter>
    </ClCompile>
    <ClCompile Include="PTPContainer.cpp">
      <Filter>Source Files</Filter>
    </ClCompile>
    <ClCompile Include="ResourceLoader.cpp">
      <Filter>Source Files</Filter>
    </ClCompile>
    <ClCompile Include="SonyCamera.cpp">
      <Filter>Source Files</Filter>
    </ClCompile>
    <ClCompile Include="CameraManager.cpp">
      <Filter>Source Files</Filter>
    </ClCompile>
    <ClCompile Include="Logger.cpp">
      <Filter>Source Files</Filter>
    </ClCompile>
    <ClCompile Include="CaptureThread.cpp">
      <Filter>Source Files</Filter>
    </ClCompile>
    <ClCompile Include="Registry.cpp">
      <Filter>Source Files</Filter>
    </ClCompile>
    <ClCompile Include="DeviceEventHandler.cpp">
      <Filter>Source Files</Filter>
    </ClCompile>
    <ClCompile Include="MessageWriter.cpp">
      <Filter>Source Files</Filter>
    </ClCompile>
    <ClCompile Include="DummyDevice.cpp">
      <Filter>Source Files</Filter>
    </ClCompile>
    <ClCompile Include="Locker.cpp">
      <Filter>Source Files</Filter>
    </ClCompile>
    <ClCompile Include="Lockable.cpp">
      <Filter>Source Files</Filter>
    </ClCompile>
    <ClCompile Include="CameraException.cpp">
      <Filter>Source Files</Filter>
    </ClCompile>
    <ClCompile Include="Version.cpp">
      <Filter>Source Files</Filter>
    </ClCompile>
    <ClCompile Include="MTPDevice.cpp">
      <Filter>Source Files</Filter>
    </ClCompile>
    <ClCompile Include="LibUSBKDevice.cpp">
      <Filter>Source Files</Filter>
    </ClCompile>
    <ClCompile Include="DeviceEnumerator.cpp">
      <Filter>Source Files</Filter>
    </ClCompile>
    <ClCompile Include="MTPEnumerator.cpp">
      <Filter>Source Files</Filter>
    </ClCompile>
    <ClCompile Include="LibUSBKEnumerator.cpp">
      <Filter>Source Files</Filter>
    </ClCompile>
    <ClCompile Include="Utils.cpp">
      <Filter>Source Files</Filter>
    </ClCompile>
  </ItemGroup>
  <ItemGroup>
    <ResourceCompile Include="SonyTest.rc">
      <Filter>Resource Files</Filter>
    </ResourceCompile>
    <ResourceCompile Include="Version.rc">
      <Filter>Resource Files</Filter>
    </ResourceCompile>
  </ItemGroup>
  <ItemGroup>
    <Library Include="libraw\libraw.lib">
      <Filter>Libraries</Filter>
    </Library>
    <Library Include="libjpeg\turbojpeg.lib">
      <Filter>Libraries</Filter>
    </Library>
    <Library Include="..\..\..\..\..\..\libjpeg-turbo64\lib\turbojpeg.lib">
      <Filter>Libraries\x64</Filter>
    </Library>
    <Library Include="..\..\..\..\..\..\LibRaw-0.19.5-Win64\LibRaw-0.19.5\lib\libraw.lib">
      <Filter>Libraries\x64</Filter>
    </Library>
    <Library Include="libusbK\libusbK.lib">
      <Filter>Libraries</Filter>
    </Library>
    <Library Include="libusbK\x64\libusbK.lib">
      <Filter>Libraries\x64</Filter>
    </Library>
  </ItemGroup>
  <ItemGroup>
    <None Include="libjpeg\turbojpeg.dll">
      <Filter>Libraries</Filter>
    </None>
    <None Include="..\ChangeLog.md">
      <Filter>Docs</Filter>
    </None>
    <None Include="..\README.md">
      <Filter>Docs</Filter>
    </None>
  </ItemGroup>
</Project>